
Microsoft Visual Studio Solution File, Format Version 12.00
# Visual Studio Version 16
VisualStudioVersion = 16.0.30104.148
MinimumVisualStudioVersion = 10.0.40219.1
Project("{00D1A9C2-B5F0-4AF3-8072-F6C62B433612}") = "TRMData", "TRMData\TRMData.sqlproj", "{D23A0235-B17D-4CE0-9649-B11E98DE29DF}"
EndProject
Project("{FAE04EC0-301F-11D3-BF4B-00C04F79EFBC}") = "TRMDesktopUI", "TRMDesktopUI\TRMDesktopUI.csproj", "{A6CB34BE-2880-4337-A0E8-C3C1D78A2584}"
EndProject
Project("{9A19103F-16F7-4668-BE54-9A1E7A4F7556}") = "TRMDataManager.Library", "TRMDataManager.Library\TRMDataManager.Library.csproj", "{8AC56498-BE5E-423C-A9C8-CF8DA1658ED8}"
EndProject
Project("{9A19103F-16F7-4668-BE54-9A1E7A4F7556}") = "TRMDesktopUI.Library", "TRMDesktopUI.Library\TRMDesktopUI.Library.csproj", "{2E6E5BCC-E045-42D4-A974-3704888AAE50}"
EndProject
Project("{2150E333-8FDC-42A3-9474-1A3956D46DE8}") = "Database", "Database", "{8846FACA-DE07-4AF2-84F7-BC39BFD5212C}"
EndProject
Project("{2150E333-8FDC-42A3-9474-1A3956D46DE8}") = "API", "API", "{4E402FE8-5F00-4C0E-AB0E-25A90F1DE46D}"
EndProject
Project("{2150E333-8FDC-42A3-9474-1A3956D46DE8}") = "WPF", "WPF", "{8CA86214-36F1-450E-A5CA-042D3A831F38}"
EndProject
Project("{9A19103F-16F7-4668-BE54-9A1E7A4F7556}") = "TRMApi", "TRMApi\TRMApi.csproj", "{B78556B8-00C8-47EB-8EC9-2B3A3D7D9C61}"
EndProject
Project("{FAE04EC0-301F-11D3-BF4B-00C04F79EFBC}") = "TRMDataManager", "TRMDataManager\TRMDataManager.csproj", "{25FD2AB3-3850-4014-8BB7-6940FDD9BD34}"
EndProject
Global
	GlobalSection(SolutionConfigurationPlatforms) = preSolution
		Debug|Any CPU = Debug|Any CPU
		Release|Any CPU = Release|Any CPU
	EndGlobalSection
	GlobalSection(ProjectConfigurationPlatforms) = postSolution
		{D23A0235-B17D-4CE0-9649-B11E98DE29DF}.Debug|Any CPU.ActiveCfg = Debug|Any CPU
		{D23A0235-B17D-4CE0-9649-B11E98DE29DF}.Debug|Any CPU.Build.0 = Debug|Any CPU
		{D23A0235-B17D-4CE0-9649-B11E98DE29DF}.Debug|Any CPU.Deploy.0 = Debug|Any CPU
		{D23A0235-B17D-4CE0-9649-B11E98DE29DF}.Release|Any CPU.ActiveCfg = Release|Any CPU
		{D23A0235-B17D-4CE0-9649-B11E98DE29DF}.Release|Any CPU.Build.0 = Release|Any CPU
		{D23A0235-B17D-4CE0-9649-B11E98DE29DF}.Release|Any CPU.Deploy.0 = Release|Any CPU
		{A6CB34BE-2880-4337-A0E8-C3C1D78A2584}.Debug|Any CPU.ActiveCfg = Debug|Any CPU
		{A6CB34BE-2880-4337-A0E8-C3C1D78A2584}.Debug|Any CPU.Build.0 = Debug|Any CPU
		{A6CB34BE-2880-4337-A0E8-C3C1D78A2584}.Release|Any CPU.ActiveCfg = Release|Any CPU
		{A6CB34BE-2880-4337-A0E8-C3C1D78A2584}.Release|Any CPU.Build.0 = Release|Any CPU
		{8AC56498-BE5E-423C-A9C8-CF8DA1658ED8}.Debug|Any CPU.ActiveCfg = Debug|Any CPU
		{8AC56498-BE5E-423C-A9C8-CF8DA1658ED8}.Debug|Any CPU.Build.0 = Debug|Any CPU
		{8AC56498-BE5E-423C-A9C8-CF8DA1658ED8}.Release|Any CPU.ActiveCfg = Release|Any CPU
		{8AC56498-BE5E-423C-A9C8-CF8DA1658ED8}.Release|Any CPU.Build.0 = Release|Any CPU
		{2E6E5BCC-E045-42D4-A974-3704888AAE50}.Debug|Any CPU.ActiveCfg = Debug|Any CPU
		{2E6E5BCC-E045-42D4-A974-3704888AAE50}.Debug|Any CPU.Build.0 = Debug|Any CPU
		{2E6E5BCC-E045-42D4-A974-3704888AAE50}.Release|Any CPU.ActiveCfg = Release|Any CPU
		{2E6E5BCC-E045-42D4-A974-3704888AAE50}.Release|Any CPU.Build.0 = Release|Any CPU
		{B78556B8-00C8-47EB-8EC9-2B3A3D7D9C61}.Debug|Any CPU.ActiveCfg = Debug|Any CPU
		{B78556B8-00C8-47EB-8EC9-2B3A3D7D9C61}.Debug|Any CPU.Build.0 = Debug|Any CPU
		{B78556B8-00C8-47EB-8EC9-2B3A3D7D9C61}.Release|Any CPU.ActiveCfg = Release|Any CPU
		{B78556B8-00C8-47EB-8EC9-2B3A3D7D9C61}.Release|Any CPU.Build.0 = Release|Any CPU
		{25FD2AB3-3850-4014-8BB7-6940FDD9BD34}.Debug|Any CPU.ActiveCfg = Debug|Any CPU
		{25FD2AB3-3850-4014-8BB7-6940FDD9BD34}.Debug|Any CPU.Build.0 = Debug|Any CPU
		{25FD2AB3-3850-4014-8BB7-6940FDD9BD34}.Release|Any CPU.ActiveCfg = Release|Any CPU
		{25FD2AB3-3850-4014-8BB7-6940FDD9BD34}.Release|Any CPU.Build.0 = Release|Any CPU
	EndGlobalSection
	GlobalSection(SolutionProperties) = preSolution
		HideSolutionNode = FALSE
	EndGlobalSection
	GlobalSection(NestedProjects) = preSolution
		{D23A0235-B17D-4CE0-9649-B11E98DE29DF} = {8846FACA-DE07-4AF2-84F7-BC39BFD5212C}
		{A6CB34BE-2880-4337-A0E8-C3C1D78A2584} = {8CA86214-36F1-450E-A5CA-042D3A831F38}
		{8AC56498-BE5E-423C-A9C8-CF8DA1658ED8} = {4E402FE8-5F00-4C0E-AB0E-25A90F1DE46D}
		{2E6E5BCC-E045-42D4-A974-3704888AAE50} = {8CA86214-36F1-450E-A5CA-042D3A831F38}
		{B78556B8-00C8-47EB-8EC9-2B3A3D7D9C61} = {4E402FE8-5F00-4C0E-AB0E-25A90F1DE46D}
		{25FD2AB3-3850-4014-8BB7-6940FDD9BD34} = {4E402FE8-5F00-4C0E-AB0E-25A90F1DE46D}
	EndGlobalSection
	GlobalSection(ExtensibilityGlobals) = postSolution
		SolutionGuid = {C560BAB9-B480-4162-B04F-0EFD86E8ABDD}
	EndGlobalSection
EndGlobal
