
Microsoft Visual Studio Solution File, Format Version 12.00
# Visual Studio 15
VisualStudioVersion = 15.0.28307.960
MinimumVisualStudioVersion = 10.0.40219.1
Project("{FAE04EC0-301F-11D3-BF4B-00C04F79EFBC}") = "TRMDataManager", "TRMDataManager\TRMDataManager.csproj", "{25FD2AB3-3850-4014-8BB7-6940FDD9BD34}"
EndProject
Global
	GlobalSection(SolutionConfigurationPlatforms) = preSolution
		Debug|Any CPU = Debug|Any CPU
		Release|Any CPU = Release|Any CPU
	EndGlobalSection
	GlobalSection(ProjectConfigurationPlatforms) = postSolution
		{25FD2AB3-3850-4014-8BB7-6940FDD9BD34}.Debug|Any CPU.ActiveCfg = Debug|Any CPU
		{25FD2AB3-3850-4014-8BB7-6940FDD9BD34}.Debug|Any CPU.Build.0 = Debug|Any CPU
		{25FD2AB3-3850-4014-8BB7-6940FDD9BD34}.Release|Any CPU.ActiveCfg = Release|Any CPU
		{25FD2AB3-3850-4014-8BB7-6940FDD9BD34}.Release|Any CPU.Build.0 = Release|Any CPU
	EndGlobalSection
	GlobalSection(SolutionProperties) = preSolution
		HideSolutionNode = FALSE
	EndGlobalSection
	GlobalSection(ExtensibilityGlobals) = postSolution
		SolutionGuid = {C560BAB9-B480-4162-B04F-0EFD86E8ABDD}
	EndGlobalSection
EndGlobal
